lockfileVersion: '6.0'

settings:
  autoInstallPeers: true
  excludeLinksFromLockfile: false

dependencies:
  p-limit:
    specifier: ^5.0.0
    version: 5.0.0
  undici:
    specifier: ^5.28.0
    version: 5.28.0

devDependencies:
  '@tsconfig/node20':
    specifier: ^20.1.2
    version: 20.1.2
  '@types/node':
    specifier: ^20.10.0
    version: 20.10.0

packages:

  /@fastify/busboy@2.1.0:
    resolution: {integrity: sha512-+KpH+QxZU7O4675t3mnkQKcZZg56u+K/Ct2K+N2AZYNVK8kyeo/bI18tI8aPm3tvNNRyTWfj6s5tnGNlcbQRsA==}
    engines: {node: '>=14'}
    dev: false

  /@tsconfig/node20@20.1.2:
    resolution: {integrity: sha512-madaWq2k+LYMEhmcp0fs+OGaLFk0OenpHa4gmI4VEmCKX4PJntQ6fnnGADVFrVkBj0wIdAlQnK/MrlYTHsa1gQ==}
    dev: true

  /@types/node@20.10.0:
    resolution: {integrity: sha512-D0WfRmU9TQ8I9PFx9Yc+EBHw+vSpIub4IDvQivcp26PtPrdMGAq5SDcpXEo/epqa/DXotVpekHiLNTg3iaKXBQ==}
    dependencies:
      undici-types: 5.26.5
    dev: true

  /p-limit@5.0.0:
    resolution: {integrity: sha512-/Eaoq+QyLSiXQ4lyYV23f14mZRQcXnxfHrN0vCai+ak9G0pp9iEQukIIZq5NccEvwRB8PUnZT0KsOoDCINS1qQ==}
    engines: {node: '>=18'}
    dependencies:
      yocto-queue: 1.0.0
    dev: false

  /undici-types@5.26.5:
    resolution: {integrity: sha512-JlCMO+ehdEIKqlFxk6IfVoAUVmgz7cU7zD/h9XZ0qzeosSHmUJVOzSQvvYSYWXkFXC+IfLKSIffhv0sVZup6pA==}
    dev: true

  /undici@5.28.0:
    resolution: {integrity: sha512-gM12DkXhlAc5+/TPe60iy9P6ETgVfqTuRJ6aQ4w8RYu0MqKuXhaq3/b86GfzDQnNA3NUO6aUNdvevrKH59D0Nw==}
    engines: {node: '>=14.0'}
    dependencies:
      '@fastify/busboy': 2.1.0
    dev: false

  /yocto-queue@1.0.0:
    resolution: {integrity: sha512-9bnSc/HEW2uRy67wc+T8UwauLuPJVn28jb+GtJY16iiKWyvmYJRXVT4UamsAEGQfPohgr2q4Tq0sQbQlxTfi1g==}
    engines: {node: '>=12.20'}
    dev: false
